{
  "requires": true,
  "lockfileVersion": 1,
  "dependencies": {
    "prettier": {
      "version": "2.0.5",
      "resolved": "https://registry.npmjs.org/prettier/-/prettier-2.0.5.tgz",
      "integrity": "sha512-7PtVymN48hGcO4fGjybyBSIWDsLU4H4XlvOHfq91pz9kkGlonzwTfYkaIEwiRg/dAJF9YlbsduBAgtYLi+8cFg==",
      "dev": true
    },
    "vim": {
      "version": "0.1.0",
      "resolved": "https://registry.npmjs.org/vim/-/vim-0.1.0.tgz",
      "integrity": "sha1-3eyHK8ipNMxRZ8I/nbzkg5wWmac="
    }
  }
}
